<?xml version="1.0" encoding="utf-8"?>
<Project ToolsVersion="4.0" xmlns="http://schemas.microsoft.com/developer/msbuild/2003">
  <ItemGroup>
    <Filter Include="Source">
      <UniqueIdentifier>{4FC737F1-C7A5-4376-A066-2A32D752A2FF}</UniqueIdentifier>
      <Extensions>cpp;c;cc;cxx;def;odl;idl;hpj;bat;asm;asmx</Extensions>
    </Filter>
    <Filter Include="Source\tetris">
      <UniqueIdentifier>{a847a313-7800-439a-89fb-f64c9e505b54}</UniqueIdentifier>
    </Filter>
    <Filter Include="Source\tetris\scene_handling">
      <UniqueIdentifier>{9112e73b-d02e-467c-b264-f573050657c3}</UniqueIdentifier>
    </Filter>
    <Filter Include="Resource Files">
      <UniqueIdentifier>{67DA6AB6-F800-4c08-8B7A-83BB121AAD01}</UniqueIdentifier>
      <Extensions>rc;ico;cur;bmp;dlg;rc2;rct;bin;rgs;gif;jpg;jpeg;jpe;resx;tiff;tif;png;wav;mfcribbon-ms</Extensions>
    </Filter>
    <Filter Include="Source\tetris\wrapper">
      <UniqueIdentifier>{851f5ea0-0d18-4402-aa25-a4d996d012a1}</UniqueIdentifier>
    </Filter>
    <Filter Include="Source\tetris\helper">
      <UniqueIdentifier>{615b4e70-2e88-4d6a-835c-a2393d4fd898}</UniqueIdentifier>
    </Filter>
  </ItemGroup>
  <ItemGroup>
    <ClCompile Include="Source\tetris\scene_handling\SplashScreen.cpp">
      <Filter>Source\tetris\scene_handling</Filter>
    </ClCompile>
    <ClCompile Include="Source\main.cpp">
      <Filter>Source</Filter>
    </ClCompile>
    <ClCompile Include="Source\tetris\Game.cpp">
      <Filter>Source\tetris</Filter>
    </ClCompile>
    <ClCompile Include="Source\tetris\GameField.cpp">
      <Filter>Source\tetris</Filter>
    </ClCompile>
    <ClCompile Include="Source\tetris\Record.cpp">
      <Filter>Source\tetris</Filter>
    </ClCompile>
    <ClCompile Include="Source\tetris\Score.cpp">
      <Filter>Source\tetris</Filter>
    </ClCompile>
    <ClCompile Include="Source\tetris\Tetrimino.cpp">
      <Filter>Source\tetris</Filter>
    </ClCompile>
    <ClCompile Include="Source\tetris\wrapper\CounterUI.cpp">
      <Filter>Source\tetris\wrapper</Filter>
    </ClCompile>
    <ClCompile Include="Source\tetris\wrapper\FrameTimer.cpp">
      <Filter>Source\tetris\wrapper</Filter>
    </ClCompile>
    <ClCompile Include="Source\tetris\wrapper\Keyboard.cpp">
      <Filter>Source\tetris\wrapper</Filter>
    </ClCompile>
    <ClCompile Include="Source\tetris\wrapper\Sound.cpp">
      <Filter>Source\tetris\wrapper</Filter>
    </ClCompile>
    <ClCompile Include="Source\tetris\wrapper\Sprite.cpp">
      <Filter>Source\tetris\wrapper</Filter>
    </ClCompile>
    <ClCompile Include="Source\tetris\helper\Helper.cpp">
      <Filter>Source\tetris\helper</Filter>
    </ClCompile>
    <ClCompile Include="Source\tetris\scene_handling\ResourceManager.cpp">
      <Filter>Source\tetris\scene_handling</Filter>
    </ClCompile>
    <ClCompile Include="Source\tetris\scene_handling\SceneHandlerBase.cpp">
      <Filter>Source\tetris\scene_handling</Filter>
    </ClCompile>
    <ClCompile Include="Source\tetris\scene_handling\ControlsScreen.cpp">
      <Filter>Source\tetris\scene_handling</Filter>
    </ClCompile>
    <ClCompile Include="Source\tetris\scene_handling\Menu.cpp">
      <Filter>Source\tetris\scene_handling</Filter>
    </ClCompile>
    <ClCompile Include="Source\tetris\scene_handling\GameScene.cpp">
      <Filter>Source\tetris\scene_handling</Filter>
    </ClCompile>
    <ClCompile Include="Source\tetris\App.cpp">
      <Filter>Source\tetris</Filter>
    </ClCompile>
  </ItemGroup>
  <ItemGroup>
    <ClInclude Include="Source\tetris\scene_handling\SplashScreen.h">
      <Filter>Source\tetris\scene_handling</Filter>
    </ClInclude>
    <ClInclude Include="Source\tetris\scene_handling\Scene.h">
      <Filter>Source\tetris\scene_handling</Filter>
    </ClInclude>
    <ClInclude Include="Source\tetris\Game.h">
      <Filter>Source\tetris</Filter>
    </ClInclude>
    <ClInclude Include="Source\tetris\GameField.h">
      <Filter>Source\tetris</Filter>
    </ClInclude>
    <ClInclude Include="Source\tetris\Record.h">
      <Filter>Source\tetris</Filter>
    </ClInclude>
    <ClInclude Include="Source\tetris\Score.h">
      <Filter>Source\tetris</Filter>
    </ClInclude>
    <ClInclude Include="Source\tetris\Tetrimino.h">
      <Filter>Source\tetris</Filter>
    </ClInclude>
    <ClInclude Include="Source\tetris\wrapper\ControlKey.h">
      <Filter>Source\tetris\wrapper</Filter>
    </ClInclude>
    <ClInclude Include="Source\tetris\wrapper\CounterUI.h">
      <Filter>Source\tetris\wrapper</Filter>
    </ClInclude>
    <ClInclude Include="Source\tetris\wrapper\FrameTimer.h">
      <Filter>Source\tetris\wrapper</Filter>
    </ClInclude>
    <ClInclude Include="Source\tetris\wrapper\Keyboard.h">
      <Filter>Source\tetris\wrapper</Filter>
    </ClInclude>
    <ClInclude Include="Source\resource.h">
      <Filter>Source</Filter>
    </ClInclude>
    <ClInclude Include="Source\tetris\wrapper\Sound.h">
      <Filter>Source\tetris\wrapper</Filter>
    </ClInclude>
    <ClInclude Include="Source\tetris\wrapper\Sprite.h">
      <Filter>Source\tetris\wrapper</Filter>
    </ClInclude>
    <ClInclude Include="Source\tetris\helper\Helper.h">
      <Filter>Source\tetris\helper</Filter>
    </ClInclude>
    <ClInclude Include="Source\tetris\scene_handling\SceneHandlerBase.h">
      <Filter>Source\tetris\scene_handling</Filter>
    </ClInclude>
    <ClInclude Include="Source\tetris\scene_handling\ResourceManager.h">
      <Filter>Source\tetris\scene_handling</Filter>
    </ClInclude>
    <ClInclude Include="Source\tetris\scene_handling\ControlsScreen.h">
      <Filter>Source\tetris\scene_handling</Filter>
    </ClInclude>
    <ClInclude Include="Source\tetris\wrapper\BlinkingObject.h">
      <Filter>Source\tetris\wrapper</Filter>
    </ClInclude>
    <ClInclude Include="Source\tetris\scene_handling\Menu.h">
      <Filter>Source\tetris\scene_handling</Filter>
    </ClInclude>
    <ClInclude Include="Source\tetris\scene_handling\GameScene.h">
      <Filter>Source\tetris\scene_handling</Filter>
    </ClInclude>
    <ClInclude Include="Source\tetris\App.h">
      <Filter>Source\tetris</Filter>
    </ClInclude>
    <ClInclude Include="Source\tetris\scene_handling\Scenes.h">
      <Filter>Source\tetris\scene_handling</Filter>
    </ClInclude>
  </ItemGroup>
  <ItemGroup>
    <ResourceCompile Include="Tetris.rc">
      <Filter>Resource Files</Filter>
    </ResourceCompile>
  </ItemGroup>
</Project>